
Microsoft Visual Studio Solution File, Format Version 12.00
# Visual Studio Version 16
VisualStudioVersion = 16.0.31402.337
MinimumVisualStudioVersion = 10.0.40219.1
Project("{FAE04EC0-301F-11D3-BF4B-00C04F79EFBC}") = "live", "live\live.csproj", "{3E9E8D0A-AD07-48FC-B4A7-9EACE8EC2D47}"
EndProject
Global
	GlobalSection(SolutionConfigurationPlatforms) = preSolution
		Debug|Any CPU = Debug|Any CPU
		Release|Any CPU = Release|Any CPU
	EndGlobalSection
	GlobalSection(ProjectConfigurationPlatforms) = postSolution
		{3E9E8D0A-AD07-48FC-B4A7-9EACE8EC2D47}.Debug|Any CPU.ActiveCfg = Debug|Any CPU
		{3E9E8D0A-AD07-48FC-B4A7-9EACE8EC2D47}.Debug|Any CPU.Build.0 = Debug|Any CPU
		{3E9E8D0A-AD07-48FC-B4A7-9EACE8EC2D47}.Release|Any CPU.ActiveCfg = Release|Any CPU
		{3E9E8D0A-AD07-48FC-B4A7-9EACE8EC2D47}.Release|Any CPU.Build.0 = Release|Any CPU
	EndGlobalSection
	GlobalSection(SolutionProperties) = preSolution
		HideSolutionNode = FALSE
	EndGlobalSection
	GlobalSection(ExtensibilityGlobals) = postSolution
		SolutionGuid = {B01326EE-C4B7-4CC7-B474-34564A05CBA7}
	EndGlobalSection
EndGlobal
